<?xml version="1.0" encoding="UTF-8"?>
<Solution>
	<Configurations>
		<BuildType Name="Debug"/>
		<BuildType Name="Release"/>
		<BuildType Name="MinSizeRel"/>
		<BuildType Name="RelWithDebInfo"/>
		<Platform Name="x64"/>
	</Configurations>
	<Project Path="ALL_BUILD.vcxproj" Type="8bc9ceb8-8b4a-11d0-8d11-00a0c91bc942" Id="c6df097d-2cc8-37ba-927d-15d4292c463c" DefaultStartup="true">
		<BuildDependency Project="ZERO_CHECK.vcxproj"/>
		<BuildDependency Project="dp_ecm_hf.vcxproj"/>
		<BuildDependency Project="test_dp_ecm_hf.vcxproj"/>
		<Build Solution="Debug|*" Project="false"/>
		<Build Solution="Release|*" Project="false"/>
		<Build Solution="MinSizeRel|*" Project="false"/>
		<Build Solution="RelWithDebInfo|*" Project="false"/>
	</Project>
	<Project Path="RUN_TESTS.vcxproj" Type="8bc9ceb8-8b4a-11d0-8d11-00a0c91bc942" Id="a7a6ca19-6fa4-39a4-9825-a61658fe3857">
		<BuildDependency Project="ZERO_CHECK.vcxproj"/>
		<Build Solution="Debug|*" Project="false"/>
		<Build Solution="Release|*" Project="false"/>
		<Build Solution="MinSizeRel|*" Project="false"/>
		<Build Solution="RelWithDebInfo|*" Project="false"/>
	</Project>
	<Project Path="ZERO_CHECK.vcxproj" Type="8bc9ceb8-8b4a-11d0-8d11-00a0c91bc942" Id="f12010db-7f7c-3dd0-b876-a081be61c45c"/>
	<Project Path="dp_ecm_hf.vcxproj" Type="8bc9ceb8-8b4a-11d0-8d11-00a0c91bc942" Id="761ad280-5d10-3a1c-a47f-6b7f5e5323e4">
		<BuildDependency Project="ZERO_CHECK.vcxproj"/>
	</Project>
	<Project Path="test_dp_ecm_hf.vcxproj" Type="8bc9ceb8-8b4a-11d0-8d11-00a0c91bc942" Id="0abba893-c048-3763-a315-fb5a1d75b4bc">
		<BuildDependency Project="ZERO_CHECK.vcxproj"/>
	</Project>
</Solution>
